
Microsoft Visual Studio Solution File, Format Version 12.00
# Visual Studio 15
VisualStudioVersion = 15.0.26124.0
MinimumVisualStudioVersion = 15.0.26124.0
Project("{FAE04EC0-301F-11D3-BF4B-00C04F79EFBC}") = "API", "API\API.csproj", "{64986D61-7849-4566-8319-3309A568F0BC}"
EndProject
Project("{FAE04EC0-301F-11D3-BF4B-00C04F79EFBC}") = "Core", "Core\Core.csproj", "{4AD6D151-E1D1-40B9-AB22-E9C130469451}"
EndProject
Project("{FAE04EC0-301F-11D3-BF4B-00C04F79EFBC}") = "Infrastructure", "Infrastructure\Infrastructure.csproj", "{F1F2E5A6-3CA4-4C2F-8D6D-6D280D1E9742}"
EndProject
Global
	GlobalSection(SolutionConfigurationPlatforms) = preSolution
		Debug|Any CPU = Debug|Any CPU
		Debug|x64 = Debug|x64
		Debug|x86 = Debug|x86
		Release|Any CPU = Release|Any CPU
		Release|x64 = Release|x64
		Release|x86 = Release|x86
	EndGlobalSection
	GlobalSection(SolutionProperties) = preSolution
		HideSolutionNode = FALSE
	EndGlobalSection
	GlobalSection(ProjectConfigurationPlatforms) = postSolution
		{64986D61-7849-4566-8319-3309A568F0BC}.Debug|Any CPU.ActiveCfg = Debug|Any CPU
		{64986D61-7849-4566-8319-3309A568F0BC}.Debug|Any CPU.Build.0 = Debug|Any CPU
		{64986D61-7849-4566-8319-3309A568F0BC}.Debug|x64.ActiveCfg = Debug|Any CPU
		{64986D61-7849-4566-8319-3309A568F0BC}.Debug|x64.Build.0 = Debug|Any CPU
		{64986D61-7849-4566-8319-3309A568F0BC}.Debug|x86.ActiveCfg = Debug|Any CPU
		{64986D61-7849-4566-8319-3309A568F0BC}.Debug|x86.Build.0 = Debug|Any CPU
		{64986D61-7849-4566-8319-3309A568F0BC}.Release|Any CPU.ActiveCfg = Release|Any CPU
		{64986D61-7849-4566-8319-3309A568F0BC}.Release|Any CPU.Build.0 = Release|Any CPU
		{64986D61-7849-4566-8319-3309A568F0BC}.Release|x64.ActiveCfg = Release|Any CPU
		{64986D61-7849-4566-8319-3309A568F0BC}.Release|x64.Build.0 = Release|Any CPU
		{64986D61-7849-4566-8319-3309A568F0BC}.Release|x86.ActiveCfg = Release|Any CPU
		{64986D61-7849-4566-8319-3309A568F0BC}.Release|x86.Build.0 = Release|Any CPU
		{4AD6D151-E1D1-40B9-AB22-E9C130469451}.Debug|Any CPU.ActiveCfg = Debug|Any CPU
		{4AD6D151-E1D1-40B9-AB22-E9C130469451}.Debug|Any CPU.Build.0 = Debug|Any CPU
		{4AD6D151-E1D1-40B9-AB22-E9C130469451}.Debug|x64.ActiveCfg = Debug|Any CPU
		{4AD6D151-E1D1-40B9-AB22-E9C130469451}.Debug|x64.Build.0 = Debug|Any CPU
		{4AD6D151-E1D1-40B9-AB22-E9C130469451}.Debug|x86.ActiveCfg = Debug|Any CPU
		{4AD6D151-E1D1-40B9-AB22-E9C130469451}.Debug|x86.Build.0 = Debug|Any CPU
		{4AD6D151-E1D1-40B9-AB22-E9C130469451}.Release|Any CPU.ActiveCfg = Release|Any CPU
		{4AD6D151-E1D1-40B9-AB22-E9C130469451}.Release|Any CPU.Build.0 = Release|Any CPU
		{4AD6D151-E1D1-40B9-AB22-E9C130469451}.Release|x64.ActiveCfg = Release|Any CPU
		{4AD6D151-E1D1-40B9-AB22-E9C130469451}.Release|x64.Build.0 = Release|Any CPU
		{4AD6D151-E1D1-40B9-AB22-E9C130469451}.Release|x86.ActiveCfg = Release|Any CPU
		{4AD6D151-E1D1-40B9-AB22-E9C130469451}.Release|x86.Build.0 = Release|Any CPU
		{F1F2E5A6-3CA4-4C2F-8D6D-6D280D1E9742}.Debug|Any CPU.ActiveCfg = Debug|Any CPU
		{F1F2E5A6-3CA4-4C2F-8D6D-6D280D1E9742}.Debug|Any CPU.Build.0 = Debug|Any CPU
		{F1F2E5A6-3CA4-4C2F-8D6D-6D280D1E9742}.Debug|x64.ActiveCfg = Debug|Any CPU
		{F1F2E5A6-3CA4-4C2F-8D6D-6D280D1E9742}.Debug|x64.Build.0 = Debug|Any CPU
		{F1F2E5A6-3CA4-4C2F-8D6D-6D280D1E9742}.Debug|x86.ActiveCfg = Debug|Any CPU
		{F1F2E5A6-3CA4-4C2F-8D6D-6D280D1E9742}.Debug|x86.Build.0 = Debug|Any CPU
		{F1F2E5A6-3CA4-4C2F-8D6D-6D280D1E9742}.Release|Any CPU.ActiveCfg = Release|Any CPU
		{F1F2E5A6-3CA4-4C2F-8D6D-6D280D1E9742}.Release|Any CPU.Build.0 = Release|Any CPU
		{F1F2E5A6-3CA4-4C2F-8D6D-6D280D1E9742}.Release|x64.ActiveCfg = Release|Any CPU
		{F1F2E5A6-3CA4-4C2F-8D6D-6D280D1E9742}.Release|x64.Build.0 = Release|Any CPU
		{F1F2E5A6-3CA4-4C2F-8D6D-6D280D1E9742}.Release|x86.ActiveCfg = Release|Any CPU
		{F1F2E5A6-3CA4-4C2F-8D6D-6D280D1E9742}.Release|x86.Build.0 = Release|Any CPU
	EndGlobalSection
EndGlobal
